
Microsoft Visual Studio Solution File, Format Version 12.00
# Visual Studio Version 17
VisualStudioVersion = 17.14.36616.10 d17.14
MinimumVisualStudioVersion = 10.0.40219.1
Project("{FAE04EC0-301F-11D3-BF4B-00C04F79EFBC}") = "FilmLista", "FilmLista.csproj", "{51813131-8D10-4CA2-83C2-EFF32B61E79A}"
EndProject
Global
	GlobalSection(SolutionConfigurationPlatforms) = preSolution
		Debug|Any CPU = Debug|Any CPU
		Release|Any CPU = Release|Any CPU
	EndGlobalSection
	GlobalSection(ProjectConfigurationPlatforms) = postSolution
		{51813131-8D10-4CA2-83C2-EFF32B61E79A}.Debug|Any CPU.ActiveCfg = Debug|Any CPU
		{51813131-8D10-4CA2-83C2-EFF32B61E79A}.Debug|Any CPU.Build.0 = Debug|Any CPU
		{51813131-8D10-4CA2-83C2-EFF32B61E79A}.Release|Any CPU.ActiveCfg = Release|Any CPU
		{51813131-8D10-4CA2-83C2-EFF32B61E79A}.Release|Any CPU.Build.0 = Release|Any CPU
	EndGlobalSection
	GlobalSection(SolutionProperties) = preSolution
		HideSolutionNode = FALSE
	EndGlobalSection
	GlobalSection(ExtensibilityGlobals) = postSolution
		SolutionGuid = {3C0E0F2A-D5D5-433C-A805-D18D25FB2C82}
	EndGlobalSection
EndGlobal
