
Microsoft Visual Studio Solution File, Format Version 12.00
# Visual Studio Version 17
VisualStudioVersion = 17.14.36616.10 d17.14
MinimumVisualStudioVersion = 10.0.40219.1
Project("{FAE04EC0-301F-11D3-BF4B-00C04F79EFBC}") = "Szamitogep-alkatreszek", "Szamitogep-alkatreszek.csproj", "{D340EDD3-ADC3-43EB-BBE1-8C49955F55C3}"
EndProject
Global
	GlobalSection(SolutionConfigurationPlatforms) = preSolution
		Debug|Any CPU = Debug|Any CPU
		Release|Any CPU = Release|Any CPU
	EndGlobalSection
	GlobalSection(ProjectConfigurationPlatforms) = postSolution
		{D340EDD3-ADC3-43EB-BBE1-8C49955F55C3}.Debug|Any CPU.ActiveCfg = Debug|Any CPU
		{D340EDD3-ADC3-43EB-BBE1-8C49955F55C3}.Debug|Any CPU.Build.0 = Debug|Any CPU
		{D340EDD3-ADC3-43EB-BBE1-8C49955F55C3}.Release|Any CPU.ActiveCfg = Release|Any CPU
		{D340EDD3-ADC3-43EB-BBE1-8C49955F55C3}.Release|Any CPU.Build.0 = Release|Any CPU
	EndGlobalSection
	GlobalSection(SolutionProperties) = preSolution
		HideSolutionNode = FALSE
	EndGlobalSection
	GlobalSection(ExtensibilityGlobals) = postSolution
		SolutionGuid = {410DC569-CA5E-46E6-B4D7-BD022B6EE11F}
	EndGlobalSection
EndGlobal
