
Microsoft Visual Studio Solution File, Format Version 12.00
# Visual Studio Version 17
VisualStudioVersion = 17.14.36616.10 d17.14
MinimumVisualStudioVersion = 10.0.40219.1
Project("{FAE04EC0-301F-11D3-BF4B-00C04F79EFBC}") = "WebApplication2", "WebApplication2.csproj", "{96D1A213-859D-42BF-BBE8-714DA61DFCB2}"
EndProject
Global
	GlobalSection(SolutionConfigurationPlatforms) = preSolution
		Debug|Any CPU = Debug|Any CPU
		Release|Any CPU = Release|Any CPU
	EndGlobalSection
	GlobalSection(ProjectConfigurationPlatforms) = postSolution
		{96D1A213-859D-42BF-BBE8-714DA61DFCB2}.Debug|Any CPU.ActiveCfg = Debug|Any CPU
		{96D1A213-859D-42BF-BBE8-714DA61DFCB2}.Debug|Any CPU.Build.0 = Debug|Any CPU
		{96D1A213-859D-42BF-BBE8-714DA61DFCB2}.Release|Any CPU.ActiveCfg = Release|Any CPU
		{96D1A213-859D-42BF-BBE8-714DA61DFCB2}.Release|Any CPU.Build.0 = Release|Any CPU
	EndGlobalSection
	GlobalSection(SolutionProperties) = preSolution
		HideSolutionNode = FALSE
	EndGlobalSection
	GlobalSection(ExtensibilityGlobals) = postSolution
		SolutionGuid = {17A89F6E-ABA7-4CD8-B8D4-6F2D3B4856E4}
	EndGlobalSection
EndGlobal
