
Microsoft Visual Studio Solution File, Format Version 12.00
# Visual Studio Version 17
VisualStudioVersion = 17.14.36616.10 d17.14
MinimumVisualStudioVersion = 10.0.40219.1
Project("{FAE04EC0-301F-11D3-BF4B-00C04F79EFBC}") = "Filmadatbazis", "Filmadatbazis.csproj", "{08E44A97-40B9-4263-9307-4988317396FF}"
EndProject
Global
	GlobalSection(SolutionConfigurationPlatforms) = preSolution
		Debug|Any CPU = Debug|Any CPU
		Release|Any CPU = Release|Any CPU
	EndGlobalSection
	GlobalSection(ProjectConfigurationPlatforms) = postSolution
		{08E44A97-40B9-4263-9307-4988317396FF}.Debug|Any CPU.ActiveCfg = Debug|Any CPU
		{08E44A97-40B9-4263-9307-4988317396FF}.Debug|Any CPU.Build.0 = Debug|Any CPU
		{08E44A97-40B9-4263-9307-4988317396FF}.Release|Any CPU.ActiveCfg = Release|Any CPU
		{08E44A97-40B9-4263-9307-4988317396FF}.Release|Any CPU.Build.0 = Release|Any CPU
	EndGlobalSection
	GlobalSection(SolutionProperties) = preSolution
		HideSolutionNode = FALSE
	EndGlobalSection
	GlobalSection(ExtensibilityGlobals) = postSolution
		SolutionGuid = {BFB66936-2D95-44B7-960E-D63E33526A6F}
	EndGlobalSection
EndGlobal
